
Microsoft Visual Studio Solution File, Format Version 12.00
# Visual Studio Version 17
VisualStudioVersion = 17.13.35828.75
MinimumVisualStudioVersion = 10.0.40219.1
Project("{FAE04EC0-301F-11D3-BF4B-00C04F79EFBC}") = "GraphQL", "GraphQL\GraphQL.csproj", "{A6B1A8B8-0860-4E13-A10D-FA72A7BA0DA2}"
EndProject
Project("{FAE04EC0-301F-11D3-BF4B-00C04F79EFBC}") = "GraphQLClient", "GraphQLBlazor\GraphQLBlazor.Client\GraphQLClient.csproj", "{019D6422-9A0D-4936-9F94-C5EC028A8FB0}"
EndProject
Global
	GlobalSection(SolutionConfigurationPlatforms) = preSolution
		Debug|Any CPU = Debug|Any CPU
		Release|Any CPU = Release|Any CPU
	EndGlobalSection
	GlobalSection(ProjectConfigurationPlatforms) = postSolution
		{A6B1A8B8-0860-4E13-A10D-FA72A7BA0DA2}.Debug|Any CPU.ActiveCfg = Debug|Any CPU
		{A6B1A8B8-0860-4E13-A10D-FA72A7BA0DA2}.Debug|Any CPU.Build.0 = Debug|Any CPU
		{A6B1A8B8-0860-4E13-A10D-FA72A7BA0DA2}.Release|Any CPU.ActiveCfg = Release|Any CPU
		{A6B1A8B8-0860-4E13-A10D-FA72A7BA0DA2}.Release|Any CPU.Build.0 = Release|Any CPU
		{019D6422-9A0D-4936-9F94-C5EC028A8FB0}.Debug|Any CPU.ActiveCfg = Debug|Any CPU
		{019D6422-9A0D-4936-9F94-C5EC028A8FB0}.Debug|Any CPU.Build.0 = Debug|Any CPU
		{019D6422-9A0D-4936-9F94-C5EC028A8FB0}.Release|Any CPU.ActiveCfg = Release|Any CPU
		{019D6422-9A0D-4936-9F94-C5EC028A8FB0}.Release|Any CPU.Build.0 = Release|Any CPU
	EndGlobalSection
	GlobalSection(SolutionProperties) = preSolution
		HideSolutionNode = FALSE
	EndGlobalSection
	GlobalSection(ExtensibilityGlobals) = postSolution
		SolutionGuid = {77BA336D-9264-4F61-BCBD-6382F0B668C9}
	EndGlobalSection
EndGlobal
